Microsoft Visual Studio Solution File, Format Version 12.00
# Visual Studio Version 17
VisualStudioVersion = 17.5.2.0
MinimumVisualStudioVersion = 10.0.40219.1
Project("{FAE04EC0-301F-11D3-BF4B-00C04F79EFBC}") = "Xlsx_and_Csv_Comparison_Dotnet_Program", "Xlsx_and_Csv_Comparison_Dotnet_Program.csproj", "{6F84EDEE-3452-F60E-31C3-E1AB822EAC9D}"
EndProject
Global
	GlobalSection(SolutionConfigurationPlatforms) = preSolution
		Debug|Any CPU = Debug|Any CPU
		Release|Any CPU = Release|Any CPU
	EndGlobalSection
	GlobalSection(ProjectConfigurationPlatforms) = postSolution
		{6F84EDEE-3452-F60E-31C3-E1AB822EAC9D}.Debug|Any CPU.ActiveCfg = Debug|Any CPU
		{6F84EDEE-3452-F60E-31C3-E1AB822EAC9D}.Debug|Any CPU.Build.0 = Debug|Any CPU
		{6F84EDEE-3452-F60E-31C3-E1AB822EAC9D}.Release|Any CPU.ActiveCfg = Release|Any CPU
		{6F84EDEE-3452-F60E-31C3-E1AB822EAC9D}.Release|Any CPU.Build.0 = Release|Any CPU
	EndGlobalSection
	GlobalSection(SolutionProperties) = preSolution
		HideSolutionNode = FALSE
	EndGlobalSection
	GlobalSection(ExtensibilityGlobals) = postSolution
		SolutionGuid = {41837294-0F77-4CA3-8903-3422F651F7A3}
	EndGlobalSection
EndGlobal
